// !$*UTF8*$!
{
	archiveVersion = 1;
	classes = {
	};
	objectVersion = 56;
	objects = {

/* Begin PBXBuildFile section */
		815959AC2BCB570F00071933 /* TodoNoArrayApp.swift in Sources */ = {isa = PBXBuildFile; fileRef = 815959AB2BCB570F00071933 /* TodoNoArrayApp.swift */; };
		815959AE2BCB570F00071933 /* LandingView.swift in Sources */ = {isa = PBXBuildFile; fileRef = 815959AD2BCB570F00071933 /* LandingView.swift */; };
		815959B02BCB571000071933 /* Assets.xcassets in Resources */ = {isa = PBXBuildFile; fileRef = 815959AF2BCB571000071933 /* Assets.xcassets */; };
		815959B32BCB571000071933 /* Preview Assets.xcassets in Resources */ = {isa = PBXBuildFile; fileRef = 815959B22BCB571000071933 /* Preview Assets.xcassets */; };
		815959D62BCB57E300071933 /* TodoItem.swift in Sources */ = {isa = PBXBuildFile; fileRef = 815959D52BCB57E300071933 /* TodoItem.swift */; };
		815959D82BCB580500071933 /* ItemView.swift in Sources */ = {isa = PBXBuildFile; fileRef = 815959D72BCB580500071933 /* ItemView.swift */; };
/* End PBXBuildFile section */

/* Begin PBXFileReference section */
		815959A82BCB570F00071933 /* TodoNoArray.app */ = {isa = PBXFileReference; explicitFileType = wrapper.application; includeInIndex = 0; path = TodoNoArray.app; sourceTree = BUILT_PRODUCTS_DIR; };
		815959AB2BCB570F00071933 /* TodoNoArrayApp.swift */ = {isa = PBXFileReference; lastKnownFileType = sourcecode.swift; path = TodoNoArrayApp.swift; sourceTree = "<group>"; };
		815959AD2BCB570F00071933 /* LandingView.swift */ = {isa = PBXFileReference; lastKnownFileType = sourcecode.swift; path = LandingView.swift; sourceTree = "<group>"; };
		815959AF2BCB571000071933 /* Assets.xcassets */ = {isa = PBXFileReference; lastKnownFileType = folder.assetcatalog; path = Assets.xcassets; sourceTree = "<group>"; };
		815959B22BCB571000071933 /* Preview Assets.xcassets */ = {isa = PBXFileReference; lastKnownFileType = folder.assetcatalog; path = "Preview Assets.xcassets"; sourceTree = "<group>"; };
		815959D52BCB57E300071933 /* TodoItem.swift */ = {isa = PBXFileReference; lastKnownFileType = sourcecode.swift; path = TodoItem.swift; sourceTree = "<group>"; };
		815959D72BCB580500071933 /* ItemView.swift */ = {isa = PBXFileReference; lastKnownFileType = sourcecode.swift; path = ItemView.swift; sourceTree = "<group>"; };
/* End PBXFileReference section */

/* Begin PBXFrameworksBuildPhase section */
		815959A52BCB570F00071933 /* Frameworks */ = {
			isa = PBXFrameworksBuildPhase;
			buildActionMask = 2147483647;
			files = (
			);
			runOnlyForDeploymentPostprocessing = 0;
		};
/* End PBXFrameworksBuildPhase section */

/* Begin PBXGroup section */
		8159599F2BCB570F00071933 = {
			isa = PBXGroup;
			children = (
				815959AA2BCB570F00071933 /* TodoNoArray */,
				815959A92BCB570F00071933 /* Products */,
			);
			sourceTree = "<group>";
		};
		815959A92BCB570F00071933 /* Products */ = {
			isa = PBXGroup;
			children = (
				815959A82BCB570F00071933 /* TodoNoArray.app */,
			);
			name = Products;
			sourceTree = "<group>";
		};
		815959AA2BCB570F00071933 /* TodoNoArray */ = {
			isa = PBXGroup;
			children = (
				815959AB2BCB570F00071933 /* TodoNoArrayApp.swift */,
				815959D32BCB579200071933 /* Model */,
				815959D42BCB579700071933 /* Views */,
				815959AF2BCB571000071933 /* Assets.xcassets */,
				815959B12BCB571000071933 /* Preview Content */,
			);
			path = TodoNoArray;
			sourceTree = "<group>";
		};
		815959B12BCB571000071933 /* Preview Content */ = {
			isa = PBXGroup;
			children = (
				815959B22BCB571000071933 /* Preview Assets.xcassets */,
			);
			path = "Preview Content";
			sourceTree = "<group>";
		};
		815959D32BCB579200071933 /* Model */ = {
			isa = PBXGroup;
			children = (
				815959D52BCB57E300071933 /* TodoItem.swift */,
			);
			path = Model;
			sourceTree = "<group>";
		};
		815959D42BCB579700071933 /* Views */ = {
			isa = PBXGroup;
			children = (
				815959AD2BCB570F00071933 /* LandingView.swift */,
				815959D72BCB580500071933 /* ItemView.swift */,
			);
			path = Views;
			sourceTree = "<group>";
		};
/* End PBXGroup section */

/* Begin PBXNativeTarget section */
		815959A72BCB570F00071933 /* TodoNoArray */ = {
			isa = PBXNativeTarget;
			buildConfigurationList = 815959B62BCB571000071933 /* Build configuration list for PBXNativeTarget "TodoNoArray" */;
			buildPhases = (
				815959A42BCB570F00071933 /* Sources */,
				815959A52BCB570F00071933 /* Frameworks */,
				815959A62BCB570F00071933 /* Resources */,
			);
			buildRules = (
			);
			dependencies = (
			);
			name = TodoNoArray;
			productName = TodoNoArray;
			productReference = 815959A82BCB570F00071933 /* TodoNoArray.app */;
			productType = "com.apple.product-type.application";
		};
/* End PBXNativeTarget section */

/* Begin PBXProject section */
		815959A02BCB570F00071933 /* Project object */ = {
			isa = PBXProject;
			attributes = {
				BuildIndependentTargetsInParallel = 1;
				LastSwiftUpdateCheck = 1530;
				LastUpgradeCheck = 1530;
				TargetAttributes = {
					815959A72BCB570F00071933 = {
						CreatedOnToolsVersion = 15.3;
					};
				};
			};
			buildConfigurationList = 815959A32BCB570F00071933 /* Build configuration list for PBXProject "TodoNoArray" */;
			compatibilityVersion = "Xcode 14.0";
			developmentRegion = en;
			hasScannedForEncodings = 0;
			knownRegions = (
				en,
				Base,
			);
			mainGroup = 8159599F2BCB570F00071933;
			productRefGroup = 815959A92BCB570F00071933 /* Products */;
			projectDirPath = "";
			projectRoot = "";
			targets = (
				815959A72BCB570F00071933 /* TodoNoArray */,
			);
		};
/* End PBXProject section */

/* Begin PBXResourcesBuildPhase section */
		815959A62BCB570F00071933 /* Resources */ = {
			isa = PBXResourcesBuildPhase;
			buildActionMask = 2147483647;
			files = (
				815959B32BCB571000071933 /* Preview Assets.xcassets in Resources */,
				815959B02BCB571000071933 /* Assets.xcassets in Resources */,
			);
			runOnlyForDeploymentPostprocessing = 0;
		};
/* End PBXResourcesBuildPhase section */

/* Begin PBXSourcesBuildPhase section */
		815959A42BCB570F00071933 /* Sources */ = {
			isa = PBXSourcesBuildPhase;
			buildActionMask = 2147483647;
			files = (
				815959AE2BCB570F00071933 /* LandingView.swift in Sources */,
				815959D62BCB57E300071933 /* TodoItem.swift in Sources */,
				815959AC2BCB570F00071933 /* TodoNoArrayApp.swift in Sources */,
				815959D82BCB580500071933 /* ItemView.swift in Sources */,
			);
			runOnlyForDeploymentPostprocessing = 0;
		};
/* End PBXSourcesBuildPhase section */

/* Begin XCBuildConfiguration section */
		815959B42BCB571000071933 /* Debug */ = {
			isa = XCBuildConfiguration;
			buildSettings = {
				ALWAYS_SEARCH_USER_PATHS = NO;
				ASSETCATALOG_COMPILER_GENERATE_SWIFT_ASSET_SYMBOL_EXTENSIONS = YES;
				CLANG_ANALYZER_NONNULL = YES;
				CLANG_ANALYZER_NUMBER_OBJECT_CONVERSION = YES_AGGRESSIVE;
				CLANG_CXX_LANGUAGE_STANDARD = "gnu++20";
				CLANG_ENABLE_MODULES = YES;
				CLANG_ENABLE_OBJC_ARC = YES;
				CLANG_ENABLE_OBJC_WEAK = YES;
				CLANG_WARN_BLOCK_CAPTURE_AUTORELEASING = YES;
				CLANG_WARN_BOOL_CONVERSION = YES;
				CLANG_WARN_COMMA = YES;
				CLANG_WARN_CONSTANT_CONVERSION = YES;
				CLANG_WARN_DEPRECATED_OBJC_IMPLEMENTATIONS = YES;
				CLANG_WARN_DIRECT_OBJC_ISA_USAGE = YES_ERROR;
				CLANG_WARN_DOCUMENTATION_COMMENTS = YES;
				CLANG_WARN_EMPTY_BODY = YES;
				CLANG_WARN_ENUM_CONVERSION = YES;
				CLANG_WARN_INFINITE_RECURSION = YES;
				CLANG_WARN_INT_CONVERSION = YES;
				CLANG_WARN_NON_LITERAL_NULL_CONVERSION = YES;
				CLANG_WARN_OBJC_IMPLICIT_RETAIN_SELF = YES;
				CLANG_WARN_OBJC_LITERAL_CONVERSION = YES;
				CLANG_WARN_OBJC_ROOT_CLASS = YES_ERROR;
				CLANG_WARN_QUOTED_INCLUDE_IN_FRAMEWORK_HEADER = YES;
				CLANG_WARN_RANGE_LOOP_ANALYSIS = YES;
				CLANG_WARN_STRICT_PROTOTYPES = YES;
				CLANG_WARN_SUSPICIOUS_MOVE = YES;
				CLANG_WARN_UNGUARDED_AVAILABILITY = YES_AGGRESSIVE;
				CLANG_WARN_UNREACHABLE_CODE = YES;
				CLANG_WARN__DUPLICATE_METHOD_MATCH = YES;
				COPY_PHASE_STRIP = NO;
				DEBUG_INFORMATION_FORMAT = dwarf;
				ENABLE_STRICT_OBJC_MSGSEND = YES;
				ENABLE_TESTABILITY = YES;
				ENABLE_USER_SCRIPT_SANDBOXING = YES;
				GCC_C_LANGUAGE_STANDARD = gnu17;
				GCC_DYNAMIC_NO_PIC = NO;
				GCC_NO_COMMON_BLOCKS = YES;
				GCC_OPTIMIZATION_LEVEL = 0;
				GCC_PREPROCESSOR_DEFINITIONS = (
					"DEBUG=1",
					"$(inherited)",
				);
				GCC_WARN_64_TO_32_BIT_CONVERSION = YES;
				GCC_WARN_ABOUT_RETURN_TYPE = YES_ERROR;
				GCC_WARN_UNDECLARED_SELECTOR = YES;
				GCC_WARN_UNINITIALIZED_AUTOS = YES_AGGRESSIVE;
				GCC_WARN_UNUSED_FUNCTION = YES;
				GCC_WARN_UNUSED_VARIABLE = YES;
				IPHONEOS_DEPLOYMENT_TARGET = 17.4;
				LOCALIZATION_PREFERS_STRING_CATALOGS = YES;
				MTL_ENABLE_DEBUG_INFO = INCLUDE_SOURCE;
				MTL_FAST_MATH = YES;
				ONLY_ACTIVE_ARCH = YES;
				SDKROOT = iphoneos;
				SWIFT_ACTIVE_COMPILATION_CONDITIONS = "DEBUG $(inherited)";
				SWIFT_OPTIMIZATION_LEVEL = "-Onone";
			};
			name = Debug;
		};
		815959B52BCB571000071933 /* Release */ = {
			isa = XCBuildConfiguration;
			buildSettings = {
				ALWAYS_SEARCH_USER_PATHS = NO;
				ASSETCATALOG_COMPILER_GENERATE_SWIFT_ASSET_SYMBOL_EXTENSIONS = YES;
				CLANG_ANALYZER_NONNULL = YES;
				CLANG_ANALYZER_NUMBER_OBJECT_CONVERSION = YES_AGGRESSIVE;
				CLANG_CXX_LANGUAGE_STANDARD = "gnu++20";
				CLANG_ENABLE_MODULES = YES;
				CLANG_ENABLE_OBJC_ARC = YES;
				CLANG_ENABLE_OBJC_WEAK = YES;
				CLANG_WARN_BLOCK_CAPTURE_AUTORELEASING = YES;
				CLANG_WARN_BOOL_CONVERSION = YES;
				CLANG_WARN_COMMA = YES;
				CLANG_WARN_CONSTANT_CONVERSION = YES;
				CLANG_WARN_DEPRECATED_OBJC_IMPLEMENTATIONS = YES;
				CLANG_WARN_DIRECT_OBJC_ISA_USAGE = YES_ERROR;
				CLANG_WARN_DOCUMENTATION_COMMENTS = YES;
				CLANG_WARN_EMPTY_BODY = YES;
				CLANG_WARN_ENUM_CONVERSION = YES;
				CLANG_WARN_INFINITE_RECURSION = YES;
				CLANG_WARN_INT_CONVERSION = YES;
				CLANG_WARN_NON_LITERAL_NULL_CONVERSION = YES;
				CLANG_WARN_OBJC_IMPLICIT_RETAIN_SELF = YES;
				CLANG_WARN_OBJC_LITERAL_CONVERSION = YES;
				CLANG_WARN_OBJC_ROOT_CLASS = YES_ERROR;
				CLANG_WARN_QUOTED_INCLUDE_IN_FRAMEWORK_HEADER = YES;
				CLANG_WARN_RANGE_LOOP_ANALYSIS = YES;
				CLANG_WARN_STRICT_PROTOTYPES = YES;
				CLANG_WARN_SUSPICIOUS_MOVE = YES;
				CLANG_WARN_UNGUARDED_AVAILABILITY = YES_AGGRESSIVE;
				CLANG_WARN_UNREACHABLE_CODE = YES;
				CLANG_WARN__DUPLICATE_METHOD_MATCH = YES;
				COPY_PHASE_STRIP = NO;
				DEBUG_INFORMATION_FORMAT = "dwarf-with-dsym";
				ENABLE_NS_ASSERTIONS = NO;
				ENABLE_STRICT_OBJC_MSGSEND = YES;
				ENABLE_USER_SCRIPT_SANDBOXING = YES;
				GCC_C_LANGUAGE_STANDARD = gnu17;
				GCC_NO_COMMON_BLOCKS = YES;
				GCC_WARN_64_TO_32_BIT_CONVERSION = YES;
				GCC_WARN_ABOUT_RETURN_TYPE = YES_ERROR;
				GCC_WARN_UNDECLARED_SELECTOR = YES;
				GCC_WARN_UNINITIALIZED_AUTOS = YES_AGGRESSIVE;
				GCC_WARN_UNUSED_FUNCTION = YES;
				GCC_WARN_UNUSED_VARIABLE = YES;
				IPHONEOS_DEPLOYMENT_TARGET = 17.4;
				LOCALIZATION_PREFERS_STRING_CATALOGS = YES;
				MTL_ENABLE_DEBUG_INFO = NO;
				MTL_FAST_MATH = YES;
				SDKROOT = iphoneos;
				SWIFT_COMPILATION_MODE = wholemodule;
				VALIDATE_PRODUCT = YES;
			};
			name = Release;
		};
		815959B72BCB571000071933 /* Debug */ = {
			isa = XCBuildConfiguration;
			buildSettings = {
				ASSETCATALOG_COMPILER_APPICON_NAME = AppIcon;
				ASSETCATALOG_COMPILER_GLOBAL_ACCENT_COLOR_NAME = AccentColor;
				CODE_SIGN_STYLE = Automatic;
				CURRENT_PROJECT_VERSION = 1;
				DEVELOPMENT_ASSET_PATHS = "\"TodoNoArray/Preview Content\"";
				DEVELOPMENT_TEAM = U2ZN2W2UQJ;
				ENABLE_PREVIEWS = YES;
				GENERATE_INFOPLIST_FILE = YES;
				INFOPLIST_KEY_UIApplicationSceneManifest_Generation = YES;
				INFOPLIST_KEY_UIApplicationSupportsIndirectInputEvents = YES;
				INFOPLIST_KEY_UILaunchScreen_Generation = YES;
				INFOPLIST_KEY_UISupportedInterfaceOrientations_iPad = "UIInterfaceOrientationPortrait UIInterfaceOrientationPortraitUpsideDown UIInterfaceOrientationLandscapeLeft UIInterfaceOrientationLandscapeRight";
				INFOPLIST_KEY_UISupportedInterfaceOrientations_iPhone = "UIInterfaceOrientationPortrait UIInterfaceOrientationLandscapeLeft UIInterfaceOrientationLandscapeRight";
				LD_RUNPATH_SEARCH_PATHS = (
					"$(inherited)",
					"@executable_path/Frameworks",
				);
				MARKETING_VERSION = 1.0;
				PRODUCT_BUNDLE_IDENTIFIER = ca.on.lcs.TodoNoArray;
				PRODUCT_NAME = "$(TARGET_NAME)";
				SWIFT_EMIT_LOC_STRINGS = YES;
				SWIFT_VERSION = 5.0;
				TARGETED_DEVICE_FAMILY = "1,2";
			};
			name = Debug;
		};
		815959B82BCB571000071933 /* Release */ = {
			isa = XCBuildConfiguration;
			buildSettings = {
				ASSETCATALOG_COMPILER_APPICON_NAME = AppIcon;
				ASSETCATALOG_COMPILER_GLOBAL_ACCENT_COLOR_NAME = AccentColor;
				CODE_SIGN_STYLE = Automatic;
				CURRENT_PROJECT_VERSION = 1;
				DEVELOPMENT_ASSET_PATHS = "\"TodoNoArray/Preview Content\"";
				DEVELOPMENT_TEAM = U2ZN2W2UQJ;
				ENABLE_PREVIEWS = YES;
				GENERATE_INFOPLIST_FILE = YES;
				INFOPLIST_KEY_UIApplicationSceneManifest_Generation = YES;
				INFOPLIST_KEY_UIApplicationSupportsIndirectInputEvents = YES;
				INFOPLIST_KEY_UILaunchScreen_Generation = YES;
				INFOPLIST_KEY_UISupportedInterfaceOrientations_iPad = "UIInterfaceOrientationPortrait UIInterfaceOrientationPortraitUpsideDown UIInterfaceOrientationLandscapeLeft UIInterfaceOrientationLandscapeRight";
				INFOPLIST_KEY_UISupportedInterfaceOrientations_iPhone = "UIInterfaceOrientationPortrait UIInterfaceOrientationLandscapeLeft UIInterfaceOrientationLandscapeRight";
				LD_RUNPATH_SEARCH_PATHS = (
					"$(inherited)",
					"@executable_path/Frameworks",
				);
				MARKETING_VERSION = 1.0;
				PRODUCT_BUNDLE_IDENTIFIER = ca.on.lcs.TodoNoArray;
				PRODUCT_NAME = "$(TARGET_NAME)";
				SWIFT_EMIT_LOC_STRINGS = YES;
				SWIFT_VERSION = 5.0;
				TARGETED_DEVICE_FAMILY = "1,2";
			};
			name = Release;
		};
/* End XCBuildConfiguration section */

/* Begin XCConfigurationList section */
		815959A32BCB570F00071933 /* Build configuration list for PBXProject "TodoNoArray" */ = {
			isa = XCConfigurationList;
			buildConfigurations = (
				815959B42BCB571000071933 /* Debug */,
				815959B52BCB571000071933 /* Release */,
			);
			defaultConfigurationIsVisible = 0;
			defaultConfigurationName = Release;
		};
		815959B62BCB571000071933 /* Build configuration list for PBXNativeTarget "TodoNoArray" */ = {
			isa = XCConfigurationList;
			buildConfigurations = (
				815959B72BCB571000071933 /* Debug */,
				815959B82BCB571000071933 /* Release */,
			);
			defaultConfigurationIsVisible = 0;
			defaultConfigurationName = Release;
		};
/* End XCConfigurationList section */
	};
	rootObject = 815959A02BCB570F00071933 /* Project object */;
}
